// !$*UTF8*$!
{
	archiveVersion = 1;
	classes = {
	};
	objectVersion = 50;
	objects = {

/* Begin PBXBuildFile section */
		585D35D724465AE200E1EFD1 /* AppDelegate.swift in Sources */ = {isa = PBXBuildFile; fileRef = 585D35D624465AE200E1EFD1 /* AppDelegate.swift */; };
		585D35D924465AE200E1EFD1 /* GameScene.sks in Resources */ = {isa = PBXBuildFile; fileRef = 585D35D824465AE200E1EFD1 /* GameScene.sks */; };
		585D35DB24465AE200E1EFD1 /* Actions.sks in Resources */ = {isa = PBXBuildFile; fileRef = 585D35DA24465AE200E1EFD1 /* Actions.sks */; };
		585D35DD24465AE200E1EFD1 /* GameScene.swift in Sources */ = {isa = PBXBuildFile; fileRef = 585D35DC24465AE200E1EFD1 /* GameScene.swift */; };
		585D35DF24465AE200E1EFD1 /* GameViewController.swift in Sources */ = {isa = PBXBuildFile; fileRef = 585D35DE24465AE200E1EFD1 /* GameViewController.swift */; };
		585D35E224465AE200E1EFD1 /* Main.storyboard in Resources */ = {isa = PBXBuildFile; fileRef = 585D35E024465AE200E1EFD1 /* Main.storyboard */; };
		585D35E424465AE500E1EFD1 /* Assets.xcassets in Resources */ = {isa = PBXBuildFile; fileRef = 585D35E324465AE500E1EFD1 /* Assets.xcassets */; };
		585D35E724465AE500E1EFD1 /* LaunchScreen.storyboard in Resources */ = {isa = PBXBuildFile; fileRef = 585D35E524465AE500E1EFD1 /* LaunchScreen.storyboard */; };
		585E144827A24367009C619D /* purchasePlus.sks in Resources */ = {isa = PBXBuildFile; fileRef = 585E144727A24367009C619D /* purchasePlus.sks */; };
		585E144B27A2443F009C619D /* purchasePlus.swift in Sources */ = {isa = PBXBuildFile; fileRef = 585E144A27A2443F009C619D /* purchasePlus.swift */; };
		587EFA1527AEDDBA001FF100 /* StoreKit.framework in Frameworks */ = {isa = PBXBuildFile; fileRef = 587EFA1427AEDDBA001FF100 /* StoreKit.framework */; };
		58B08FD126D84CD900B154E3 /* mainMenu.sks in Resources */ = {isa = PBXBuildFile; fileRef = 58B08FD026D84CD900B154E3 /* mainMenu.sks */; };
		58B08FD426D84F5700B154E3 /* mainMenuScene.swift in Sources */ = {isa = PBXBuildFile; fileRef = 58B08FD326D84F5700B154E3 /* mainMenuScene.swift */; };
		58B08FD726D85DC600B154E3 /* instructions.mov in Resources */ = {isa = PBXBuildFile; fileRef = 58B08FD626D85DC600B154E3 /* instructions.mov */; };
		58C22C5426C8AA9600E283CF /* Assets.xcassets in Resources */ = {isa = PBXBuildFile; fileRef = 58C22C5326C8AA9600E283CF /* Assets.xcassets */; };
/* End PBXBuildFile section */

/* Begin PBXFileReference section */
		585D35D324465AE100E1EFD1 /* rubinsteinMathGames.app */ = {isa = PBXFileReference; explicitFileType = wrapper.application; includeInIndex = 0; path = rubinsteinMathGames.app; sourceTree = BUILT_PRODUCTS_DIR; };
		585D35D624465AE200E1EFD1 /* AppDelegate.swift */ = {isa = PBXFileReference; lastKnownFileType = sourcecode.swift; path = AppDelegate.swift; sourceTree = "<group>"; };
		585D35D824465AE200E1EFD1 /* GameScene.sks */ = {isa = PBXFileReference; lastKnownFileType = file.sks; path = GameScene.sks; sourceTree = "<group>"; };
		585D35DA24465AE200E1EFD1 /* Actions.sks */ = {isa = PBXFileReference; lastKnownFileType = file.sks; path = Actions.sks; sourceTree = "<group>"; };
		585D35DC24465AE200E1EFD1 /* GameScene.swift */ = {isa = PBXFileReference; lastKnownFileType = sourcecode.swift; path = GameScene.swift; sourceTree = "<group>"; };
		585D35DE24465AE200E1EFD1 /* GameViewController.swift */ = {isa = PBXFileReference; lastKnownFileType = sourcecode.swift; path = GameViewController.swift; sourceTree = "<group>"; };
		585D35E124465AE200E1EFD1 /* Base */ = {isa = PBXFileReference; lastKnownFileType = file.storyboard; name = Base; path = Base.lproj/Main.storyboard; sourceTree = "<group>"; };
		585D35E324465AE500E1EFD1 /* Assets.xcassets */ = {isa = PBXFileReference; lastKnownFileType = folder.assetcatalog; path = Assets.xcassets; sourceTree = "<group>"; };
		585D35E624465AE500E1EFD1 /* Base */ = {isa = PBXFileReference; lastKnownFileType = file.storyboard; name = Base; path = Base.lproj/LaunchScreen.storyboard; sourceTree = "<group>"; };
		585D35E824465AE500E1EFD1 /* Info.plist */ = {isa = PBXFileReference; lastKnownFileType = text.plist.xml; path = Info.plist; sourceTree = "<group>"; };
		585E144727A24367009C619D /* purchasePlus.sks */ = {isa = PBXFileReference; lastKnownFileType = file.sks; path = purchasePlus.sks; sourceTree = "<group>"; };
		585E144A27A2443F009C619D /* purchasePlus.swift */ = {isa = PBXFileReference; lastKnownFileType = sourcecode.swift; path = purchasePlus.swift; sourceTree = "<group>"; };
		587EFA1427AEDDBA001FF100 /* StoreKit.framework */ = {isa = PBXFileReference; lastKnownFileType = wrapper.framework; name = StoreKit.framework; path = System/Library/Frameworks/StoreKit.framework; sourceTree = SDKROOT; };
		58B08FD026D84CD900B154E3 /* mainMenu.sks */ = {isa = PBXFileReference; lastKnownFileType = file.sks; path = mainMenu.sks; sourceTree = "<group>"; };
		58B08FD326D84F5700B154E3 /* mainMenuScene.swift */ = {isa = PBXFileReference; lastKnownFileType = sourcecode.swift; path = mainMenuScene.swift; sourceTree = "<group>"; };
		58B08FD626D85DC600B154E3 /* instructions.mov */ = {isa = PBXFileReference; lastKnownFileType = video.quicktime; path = instructions.mov; sourceTree = "<group>"; };
		58C22C5326C8AA9600E283CF /* Assets.xcassets */ = {isa = PBXFileReference; lastKnownFileType = folder.assetcatalog; name = Assets.xcassets; path = ../../../../Downloads/AppIcons/Assets.xcassets; sourceTree = "<group>"; };
/* End PBXFileReference section */

/* Begin PBXFrameworksBuildPhase section */
		585D35D024465AE100E1EFD1 /* Frameworks */ = {
			isa = PBXFrameworksBuildPhase;
			buildActionMask = 2147483647;
			files = (
				587EFA1527AEDDBA001FF100 /* StoreKit.framework in Frameworks */,
			);
			runOnlyForDeploymentPostprocessing = 0;
		};
/* End PBXFrameworksBuildPhase section */

/* Begin PBXGroup section */
		585D35CA24465AE100E1EFD1 = {
			isa = PBXGroup;
			children = (
				585D35D524465AE100E1EFD1 /* rubinsteinMathGames */,
				585D35D424465AE100E1EFD1 /* Products */,
				587EFA1327AEDDBA001FF100 /* Frameworks */,
			);
			sourceTree = "<group>";
		};
		585D35D424465AE100E1EFD1 /* Products */ = {
			isa = PBXGroup;
			children = (
				585D35D324465AE100E1EFD1 /* rubinsteinMathGames.app */,
			);
			name = Products;
			sourceTree = "<group>";
		};
		585D35D524465AE100E1EFD1 /* rubinsteinMathGames */ = {
			isa = PBXGroup;
			children = (
				585D35D624465AE200E1EFD1 /* AppDelegate.swift */,
				585D35D824465AE200E1EFD1 /* GameScene.sks */,
				585D35DA24465AE200E1EFD1 /* Actions.sks */,
				585D35DC24465AE200E1EFD1 /* GameScene.swift */,
				585D35DE24465AE200E1EFD1 /* GameViewController.swift */,
				585D35E024465AE200E1EFD1 /* Main.storyboard */,
				58B08FD626D85DC600B154E3 /* instructions.mov */,
				585D35E324465AE500E1EFD1 /* Assets.xcassets */,
				585D35E524465AE500E1EFD1 /* LaunchScreen.storyboard */,
				58C22C5326C8AA9600E283CF /* Assets.xcassets */,
				585D35E824465AE500E1EFD1 /* Info.plist */,
				58B08FD026D84CD900B154E3 /* mainMenu.sks */,
				58B08FD326D84F5700B154E3 /* mainMenuScene.swift */,
				585E144727A24367009C619D /* purchasePlus.sks */,
				585E144A27A2443F009C619D /* purchasePlus.swift */,
			);
			path = rubinsteinMathGames;
			sourceTree = "<group>";
		};
		587EFA1327AEDDBA001FF100 /* Frameworks */ = {
			isa = PBXGroup;
			children = (
				587EFA1427AEDDBA001FF100 /* StoreKit.framework */,
			);
			name = Frameworks;
			sourceTree = "<group>";
		};
/* End PBXGroup section */

/* Begin PBXNativeTarget section */
		585D35D224465AE100E1EFD1 /* rubinsteinMathGames */ = {
			isa = PBXNativeTarget;
			buildConfigurationList = 585D35EB24465AE500E1EFD1 /* Build configuration list for PBXNativeTarget "rubinsteinMathGames" */;
			buildPhases = (
				585D35CF24465AE100E1EFD1 /* Sources */,
				585D35D024465AE100E1EFD1 /* Frameworks */,
				585D35D124465AE100E1EFD1 /* Resources */,
			);
			buildRules = (
			);
			dependencies = (
			);
			name = rubinsteinMathGames;
			productName = rubinsteinMathGames;
			productReference = 585D35D324465AE100E1EFD1 /* rubinsteinMathGames.app */;
			productType = "com.apple.product-type.application";
		};
/* End PBXNativeTarget section */

/* Begin PBXProject section */
		585D35CB24465AE100E1EFD1 /* Project object */ = {
			isa = PBXProject;
			attributes = {
				LastSwiftUpdateCheck = 1140;
				LastUpgradeCheck = 1140;
				ORGANIZATIONNAME = com.garyrubinstein;
				TargetAttributes = {
					585D35D224465AE100E1EFD1 = {
						CreatedOnToolsVersion = 11.4;
					};
				};
			};
			buildConfigurationList = 585D35CE24465AE100E1EFD1 /* Build configuration list for PBXProject "rubinsteinMathGames" */;
			compatibilityVersion = "Xcode 9.3";
			developmentRegion = en;
			hasScannedForEncodings = 0;
			knownRegions = (
				en,
				Base,
			);
			mainGroup = 585D35CA24465AE100E1EFD1;
			productRefGroup = 585D35D424465AE100E1EFD1 /* Products */;
			projectDirPath = "";
			projectRoot = "";
			targets = (
				585D35D224465AE100E1EFD1 /* rubinsteinMathGames */,
			);
		};
/* End PBXProject section */

/* Begin PBXResourcesBuildPhase section */
		585D35D124465AE100E1EFD1 /* Resources */ = {
			isa = PBXResourcesBuildPhase;
			buildActionMask = 2147483647;
			files = (
				585D35E224465AE200E1EFD1 /* Main.storyboard in Resources */,
				585D35D924465AE200E1EFD1 /* GameScene.sks in Resources */,
				585D35E424465AE500E1EFD1 /* Assets.xcassets in Resources */,
				585D35E724465AE500E1EFD1 /* LaunchScreen.storyboard in Resources */,
				58C22C5426C8AA9600E283CF /* Assets.xcassets in Resources */,
				58B08FD726D85DC600B154E3 /* instructions.mov in Resources */,
				585D35DB24465AE200E1EFD1 /* Actions.sks in Resources */,
				58B08FD126D84CD900B154E3 /* mainMenu.sks in Resources */,
				585E144827A24367009C619D /* purchasePlus.sks in Resources */,
			);
			runOnlyForDeploymentPostprocessing = 0;
		};
/* End PBXResourcesBuildPhase section */

/* Begin PBXSourcesBuildPhase section */
		585D35CF24465AE100E1EFD1 /* Sources */ = {
			isa = PBXSourcesBuildPhase;
			buildActionMask = 2147483647;
			files = (
				585E144B27A2443F009C619D /* purchasePlus.swift in Sources */,
				585D35DD24465AE200E1EFD1 /* GameScene.swift in Sources */,
				585D35DF24465AE200E1EFD1 /* GameViewController.swift in Sources */,
				58B08FD426D84F5700B154E3 /* mainMenuScene.swift in Sources */,
				585D35D724465AE200E1EFD1 /* AppDelegate.swift in Sources */,
			);
			runOnlyForDeploymentPostprocessing = 0;
		};
/* End PBXSourcesBuildPhase section */

/* Begin PBXVariantGroup section */
		585D35E024465AE200E1EFD1 /* Main.storyboard */ = {
			isa = PBXVariantGroup;
			children = (
				585D35E124465AE200E1EFD1 /* Base */,
			);
			name = Main.storyboard;
			sourceTree = "<group>";
		};
		585D35E524465AE500E1EFD1 /* LaunchScreen.storyboard */ = {
			isa = PBXVariantGroup;
			children = (
				585D35E624465AE500E1EFD1 /* Base */,
			);
			name = LaunchScreen.storyboard;
			sourceTree = "<group>";
		};
/* End PBXVariantGroup section */

/* Begin XCBuildConfiguration section */
		585D35E924465AE500E1EFD1 /* Debug */ = {
			isa = XCBuildConfiguration;
			buildSettings = {
				ALWAYS_SEARCH_USER_PATHS = NO;
				CLANG_ANALYZER_NONNULL = YES;
				CLANG_ANALYZER_NUMBER_OBJECT_CONVERSION = YES_AGGRESSIVE;
				CLANG_CXX_LANGUAGE_STANDARD = "gnu++14";
				CLANG_CXX_LIBRARY = "libc++";
				CLANG_ENABLE_MODULES = YES;
				CLANG_ENABLE_OBJC_ARC = YES;
				CLANG_ENABLE_OBJC_WEAK = YES;
				CLANG_WARN_BLOCK_CAPTURE_AUTORELEASING = YES;
				CLANG_WARN_BOOL_CONVERSION = YES;
				CLANG_WARN_COMMA = YES;
				CLANG_WARN_CONSTANT_CONVERSION = YES;
				CLANG_WARN_DEPRECATED_OBJC_IMPLEMENTATIONS = YES;
				CLANG_WARN_DIRECT_OBJC_ISA_USAGE = YES_ERROR;
				CLANG_WARN_DOCUMENTATION_COMMENTS = YES;
				CLANG_WARN_EMPTY_BODY = YES;
				CLANG_WARN_ENUM_CONVERSION = YES;
				CLANG_WARN_INFINITE_RECURSION = YES;
				CLANG_WARN_INT_CONVERSION = YES;
				CLANG_WARN_NON_LITERAL_NULL_CONVERSION = YES;
				CLANG_WARN_OBJC_IMPLICIT_RETAIN_SELF = YES;
				CLANG_WARN_OBJC_LITERAL_CONVERSION = YES;
				CLANG_WARN_OBJC_ROOT_CLASS = YES_ERROR;
				CLANG_WARN_RANGE_LOOP_ANALYSIS = YES;
				CLANG_WARN_STRICT_PROTOTYPES = YES;
				CLANG_WARN_SUSPICIOUS_MOVE = YES;
				CLANG_WARN_UNGUARDED_AVAILABILITY = YES_AGGRESSIVE;
				CLANG_WARN_UNREACHABLE_CODE = YES;
				CLANG_WARN__DUPLICATE_METHOD_MATCH = YES;
				COPY_PHASE_STRIP = NO;
				DEBUG_INFORMATION_FORMAT = dwarf;
				ENABLE_STRICT_OBJC_MSGSEND = YES;
				ENABLE_TESTABILITY = YES;
				GCC_C_LANGUAGE_STANDARD = gnu11;
				GCC_DYNAMIC_NO_PIC = NO;
				GCC_NO_COMMON_BLOCKS = YES;
				GCC_OPTIMIZATION_LEVEL = 0;
				GCC_PREPROCESSOR_DEFINITIONS = (
					"DEBUG=1",
					"$(inherited)",
				);
				GCC_WARN_64_TO_32_BIT_CONVERSION = YES;
				GCC_WARN_ABOUT_RETURN_TYPE = YES_ERROR;
				GCC_WARN_UNDECLARED_SELECTOR = YES;
				GCC_WARN_UNINITIALIZED_AUTOS = YES_AGGRESSIVE;
				GCC_WARN_UNUSED_FUNCTION = YES;
				GCC_WARN_UNUSED_VARIABLE = YES;
				IPHONEOS_DEPLOYMENT_TARGET = 13.6;
				MTL_ENABLE_DEBUG_INFO = INCLUDE_SOURCE;
				MTL_FAST_MATH = YES;
				ONLY_ACTIVE_ARCH = YES;
				SDKROOT = iphoneos;
				SWIFT_ACTIVE_COMPILATION_CONDITIONS = DEBUG;
				SWIFT_OPTIMIZATION_LEVEL = "-Onone";
			};
			name = Debug;
		};
		585D35EA24465AE500E1EFD1 /* Release */ = {
			isa = XCBuildConfiguration;
			buildSettings = {
				ALWAYS_SEARCH_USER_PATHS = NO;
				CLANG_ANALYZER_NONNULL = YES;
				CLANG_ANALYZER_NUMBER_OBJECT_CONVERSION = YES_AGGRESSIVE;
				CLANG_CXX_LANGUAGE_STANDARD = "gnu++14";
				CLANG_CXX_LIBRARY = "libc++";
				CLANG_ENABLE_MODULES = YES;
				CLANG_ENABLE_OBJC_ARC = YES;
				CLANG_ENABLE_OBJC_WEAK = YES;
				CLANG_WARN_BLOCK_CAPTURE_AUTORELEASING = YES;
				CLANG_WARN_BOOL_CONVERSION = YES;
				CLANG_WARN_COMMA = YES;
				CLANG_WARN_CONSTANT_CONVERSION = YES;
				CLANG_WARN_DEPRECATED_OBJC_IMPLEMENTATIONS = YES;
				CLANG_WARN_DIRECT_OBJC_ISA_USAGE = YES_ERROR;
				CLANG_WARN_DOCUMENTATION_COMMENTS = YES;
				CLANG_WARN_EMPTY_BODY = YES;
				CLANG_WARN_ENUM_CONVERSION = YES;
				CLANG_WARN_INFINITE_RECURSION = YES;
				CLANG_WARN_INT_CONVERSION = YES;
				CLANG_WARN_NON_LITERAL_NULL_CONVERSION = YES;
				CLANG_WARN_OBJC_IMPLICIT_RETAIN_SELF = YES;
				CLANG_WARN_OBJC_LITERAL_CONVERSION = YES;
				CLANG_WARN_OBJC_ROOT_CLASS = YES_ERROR;
				CLANG_WARN_RANGE_LOOP_ANALYSIS = YES;
				CLANG_WARN_STRICT_PROTOTYPES = YES;
				CLANG_WARN_SUSPICIOUS_MOVE = YES;
				CLANG_WARN_UNGUARDED_AVAILABILITY = YES_AGGRESSIVE;
				CLANG_WARN_UNREACHABLE_CODE = YES;
				CLANG_WARN__DUPLICATE_METHOD_MATCH = YES;
				COPY_PHASE_STRIP = NO;
				DEBUG_INFORMATION_FORMAT = "dwarf-with-dsym";
				ENABLE_NS_ASSERTIONS = NO;
				ENABLE_STRICT_OBJC_MSGSEND = YES;
				GCC_C_LANGUAGE_STANDARD = gnu11;
				GCC_NO_COMMON_BLOCKS = YES;
				GCC_WARN_64_TO_32_BIT_CONVERSION = YES;
				GCC_WARN_ABOUT_RETURN_TYPE = YES_ERROR;
				GCC_WARN_UNDECLARED_SELECTOR = YES;
				GCC_WARN_UNINITIALIZED_AUTOS = YES_AGGRESSIVE;
				GCC_WARN_UNUSED_FUNCTION = YES;
				GCC_WARN_UNUSED_VARIABLE = YES;
				IPHONEOS_DEPLOYMENT_TARGET = 13.6;
				MTL_ENABLE_DEBUG_INFO = NO;
				MTL_FAST_MATH = YES;
				SDKROOT = iphoneos;
				SWIFT_COMPILATION_MODE = wholemodule;
				SWIFT_OPTIMIZATION_LEVEL = "-O";
				VALIDATE_PRODUCT = YES;
			};
			name = Release;
		};
		585D35EC24465AE500E1EFD1 /* Debug */ = {
			isa = XCBuildConfiguration;
			buildSettings = {
				ASSETCATALOG_COMPILER_APPICON_NAME = AppIcon;
				CODE_SIGN_STYLE = Automatic;
				CURRENT_PROJECT_VERSION = 31;
				DEVELOPMENT_TEAM = 62VDYM8N93;
				INFOPLIST_FILE = rubinsteinMathGames/Info.plist;
				LD_RUNPATH_SEARCH_PATHS = (
					"$(inherited)",
					"@executable_path/Frameworks",
				);
				MARKETING_VERSION = 1.07;
				PRODUCT_BUNDLE_IDENTIFIER = com.garyrubinstein.rubinsteinMathGames;
				PRODUCT_NAME = "$(TARGET_NAME)";
				SWIFT_VERSION = 5.0;
				TARGETED_DEVICE_FAMILY = "1,2";
			};
			name = Debug;
		};
		585D35ED24465AE500E1EFD1 /* Release */ = {
			isa = XCBuildConfiguration;
			buildSettings = {
				ASSETCATALOG_COMPILER_APPICON_NAME = AppIcon;
				CODE_SIGN_STYLE = Automatic;
				CURRENT_PROJECT_VERSION = 31;
				DEVELOPMENT_TEAM = 62VDYM8N93;
				INFOPLIST_FILE = rubinsteinMathGames/Info.plist;
				LD_RUNPATH_SEARCH_PATHS = (
					"$(inherited)",
					"@executable_path/Frameworks",
				);
				MARKETING_VERSION = 1.07;
				PRODUCT_BUNDLE_IDENTIFIER = com.garyrubinstein.rubinsteinMathGames;
				PRODUCT_NAME = "$(TARGET_NAME)";
				SWIFT_VERSION = 5.0;
				TARGETED_DEVICE_FAMILY = "1,2";
			};
			name = Release;
		};
/* End XCBuildConfiguration section */

/* Begin XCConfigurationList section */
		585D35CE24465AE100E1EFD1 /* Build configuration list for PBXProject "rubinsteinMathGames" */ = {
			isa = XCConfigurationList;
			buildConfigurations = (
				585D35E924465AE500E1EFD1 /* Debug */,
				585D35EA24465AE500E1EFD1 /* Release */,
			);
			defaultConfigurationIsVisible = 0;
			defaultConfigurationName = Release;
		};
		585D35EB24465AE500E1EFD1 /* Build configuration list for PBXNativeTarget "rubinsteinMathGames" */ = {
			isa = XCConfigurationList;
			buildConfigurations = (
				585D35EC24465AE500E1EFD1 /* Debug */,
				585D35ED24465AE500E1EFD1 /* Release */,
			);
			defaultConfigurationIsVisible = 0;
			defaultConfigurationName = Release;
		};
/* End XCConfigurationList section */
	};
	rootObject = 585D35CB24465AE100E1EFD1 /* Project object */;
}
